
Microsoft Visual Studio Solution File, Format Version 12.00
# Visual Studio 15
VisualStudioVersion = 15.0.28010.2046
MinimumVisualStudioVersion = 10.0.40219.1
Project("{FAE04EC0-301F-11D3-BF4B-00C04F79EFBC}") = "WindowsFormsApp18", "WindowsFormsApp18\WindowsFormsApp18.csproj", "{D9269140-25FA-450B-8608-795C72E9130D}"
EndProject
Global
	GlobalSection(SolutionConfigurationPlatforms) = preSolution
		Debug|Any CPU = Debug|Any CPU
		Release|Any CPU = Release|Any CPU
	EndGlobalSection
	GlobalSection(ProjectConfigurationPlatforms) = postSolution
		{D9269140-25FA-450B-8608-795C72E9130D}.Debug|Any CPU.ActiveCfg = Debug|Any CPU
		{D9269140-25FA-450B-8608-795C72E9130D}.Debug|Any CPU.Build.0 = Debug|Any CPU
		{D9269140-25FA-450B-8608-795C72E9130D}.Release|Any CPU.ActiveCfg = Release|Any CPU
		{D9269140-25FA-450B-8608-795C72E9130D}.Release|Any CPU.Build.0 = Release|Any CPU
	EndGlobalSection
	GlobalSection(SolutionProperties) = preSolution
		HideSolutionNode = FALSE
	EndGlobalSection
	GlobalSection(ExtensibilityGlobals) = postSolution
		SolutionGuid = {59617938-83F1-4A9E-B0C1-27D468A74172}
	EndGlobalSection
EndGlobal
